
Microsoft Visual Studio Solution File, Format Version 12.00
# Visual Studio Version 17
VisualStudioVersion = 17.13.35806.99 d17.13
MinimumVisualStudioVersion = 10.0.40219.1
Project("{FAE04EC0-301F-11D3-BF4B-00C04F79EFBC}") = "CodeFirstMigration", "CodeFirstMigration\CodeFirstMigration.csproj", "{5666699F-6495-4279-B624-40165AED4F3E}"
EndProject
Global
	GlobalSection(SolutionConfigurationPlatforms) = preSolution
		Debug|Any CPU = Debug|Any CPU
		Release|Any CPU = Release|Any CPU
	EndGlobalSection
	GlobalSection(ProjectConfigurationPlatforms) = postSolution
		{5666699F-6495-4279-B624-40165AED4F3E}.Debug|Any CPU.ActiveCfg = Debug|Any CPU
		{5666699F-6495-4279-B624-40165AED4F3E}.Debug|Any CPU.Build.0 = Debug|Any CPU
		{5666699F-6495-4279-B624-40165AED4F3E}.Release|Any CPU.ActiveCfg = Release|Any CPU
		{5666699F-6495-4279-B624-40165AED4F3E}.Release|Any CPU.Build.0 = Release|Any CPU
	EndGlobalSection
	GlobalSection(SolutionProperties) = preSolution
		HideSolutionNode = FALSE
	EndGlobalSection
	GlobalSection(ExtensibilityGlobals) = postSolution
		SolutionGuid = {B4C28A42-EA75-4A07-9B27-75C13F17119D}
	EndGlobalSection
EndGlobal
